<Solution>
  <Project Path="../KitsuQuestions.Application/KitsuQuestions.Application.csproj" />
  <Project Path="../KitsuQuestions.Domain/KitsuQuestions.Domain.csproj" />
  <Project Path="../KitsuQuestions.Infrastructure/KitsuQuestions.Infrastructure.csproj" />
  <Project Path="../KitsuQuestions.Tests/KitsuQuestions.Tests.csproj" />
  <Project Path="KitsuQuestions.API.csproj" />
</Solution>
